// !$*UTF8*$!
{
	archiveVersion = 1;
	classes = {
	};
	objectVersion = 46;
	objects = {

/* Begin PBXBuildFile section */
		32B7DFF41DE29C1300E63A4C /* PlaySoundViewController.swift in Sources */ = {isa = PBXBuildFile; fileRef = 32B7DFF31DE29C1300E63A4C /* PlaySoundViewController.swift */; };
		32B7DFF61DE2D0B700E63A4C /* playsoundsviewcontroller-audio.swift in Sources */ = {isa = PBXBuildFile; fileRef = 32B7DFF51DE2D0B700E63A4C /* playsoundsviewcontroller-audio.swift */; };
		32C246891DDF4C5A003CFA06 /* AppDelegate.swift in Sources */ = {isa = PBXBuildFile; fileRef = 32C246881DDF4C5A003CFA06 /* AppDelegate.swift */; };
		32C2468B1DDF4C5A003CFA06 /* RecordSoundViewController.swift in Sources */ = {isa = PBXBuildFile; fileRef = 32C2468A1DDF4C5A003CFA06 /* RecordSoundViewController.swift */; };
		32C2468E1DDF4C5A003CFA06 /* Main.storyboard in Resources */ = {isa = PBXBuildFile; fileRef = 32C2468C1DDF4C5A003CFA06 /* Main.storyboard */; };
		32C246901DDF4C5A003CFA06 /* Assets.xcassets in Resources */ = {isa = PBXBuildFile; fileRef = 32C2468F1DDF4C5A003CFA06 /* Assets.xcassets */; };
		32C246931DDF4C5A003CFA06 /* LaunchScreen.storyboard in Resources */ = {isa = PBXBuildFile; fileRef = 32C246911DDF4C5A003CFA06 /* LaunchScreen.storyboard */; };
		32C2469E1DDF4C5A003CFA06 /* PitchPerfectTests.swift in Sources */ = {isa = PBXBuildFile; fileRef = 32C2469D1DDF4C5A003CFA06 /* PitchPerfectTests.swift */; };
		32C246A91DDF4C5A003CFA06 /* PitchPerfectUITests.swift in Sources */ = {isa = PBXBuildFile; fileRef = 32C246A81DDF4C5A003CFA06 /* PitchPerfectUITests.swift */; };
/* End PBXBuildFile section */

/* Begin PBXContainerItemProxy section */
		32C2469A1DDF4C5A003CFA06 /* PBXContainerItemProxy */ = {
			isa = PBXContainerItemProxy;
			containerPortal = 32C2467D1DDF4C5A003CFA06 /* Project object */;
			proxyType = 1;
			remoteGlobalIDString = 32C246841DDF4C5A003CFA06;
			remoteInfo = PitchPerfect;
		};
		32C246A51DDF4C5A003CFA06 /* PBXContainerItemProxy */ = {
			isa = PBXContainerItemProxy;
			containerPortal = 32C2467D1DDF4C5A003CFA06 /* Project object */;
			proxyType = 1;
			remoteGlobalIDString = 32C246841DDF4C5A003CFA06;
			remoteInfo = PitchPerfect;
		};
/* End PBXContainerItemProxy section */

/* Begin PBXFileReference section */
		32B7DFF31DE29C1300E63A4C /* PlaySoundViewController.swift */ = {isa = PBXFileReference; fileEncoding = 4; lastKnownFileType = sourcecode.swift; path = PlaySoundViewController.swift; sourceTree = "<group>"; };
		32B7DFF51DE2D0B700E63A4C /* playsoundsviewcontroller-audio.swift */ = {isa = PBXFileReference; fileEncoding = 4; lastKnownFileType = sourcecode.swift; path = "playsoundsviewcontroller-audio.swift"; sourceTree = "<group>"; };
		32C246851DDF4C5A003CFA06 /* PitchPerfect.app */ = {isa = PBXFileReference; explicitFileType = wrapper.application; includeInIndex = 0; path = PitchPerfect.app; sourceTree = BUILT_PRODUCTS_DIR; };
		32C246881DDF4C5A003CFA06 /* AppDelegate.swift */ = {isa = PBXFileReference; lastKnownFileType = sourcecode.swift; path = AppDelegate.swift; sourceTree = "<group>"; };
		32C2468A1DDF4C5A003CFA06 /* RecordSoundViewController.swift */ = {isa = PBXFileReference; lastKnownFileType = sourcecode.swift; path = RecordSoundViewController.swift; sourceTree = "<group>"; };
		32C2468D1DDF4C5A003CFA06 /* Base */ = {isa = PBXFileReference; lastKnownFileType = file.storyboard; name = Base; path = Base.lproj/Main.storyboard; sourceTree = "<group>"; };
		32C2468F1DDF4C5A003CFA06 /* Assets.xcassets */ = {isa = PBXFileReference; lastKnownFileType = folder.assetcatalog; path = Assets.xcassets; sourceTree = "<group>"; };
		32C246921DDF4C5A003CFA06 /* Base */ = {isa = PBXFileReference; lastKnownFileType = file.storyboard; name = Base; path = Base.lproj/LaunchScreen.storyboard; sourceTree = "<group>"; };
		32C246941DDF4C5A003CFA06 /* Info.plist */ = {isa = PBXFileReference; lastKnownFileType = text.plist.xml; path = Info.plist; sourceTree = "<group>"; };
		32C246991DDF4C5A003CFA06 /* PitchPerfectTests.xctest */ = {isa = PBXFileReference; explicitFileType = wrapper.cfbundle; includeInIndex = 0; path = PitchPerfectTests.xctest; sourceTree = BUILT_PRODUCTS_DIR; };
		32C2469D1DDF4C5A003CFA06 /* PitchPerfectTests.swift */ = {isa = PBXFileReference; lastKnownFileType = sourcecode.swift; path = PitchPerfectTests.swift; sourceTree = "<group>"; };
		32C2469F1DDF4C5A003CFA06 /* Info.plist */ = {isa = PBXFileReference; lastKnownFileType = text.plist.xml; path = Info.plist; sourceTree = "<group>"; };
		32C246A41DDF4C5A003CFA06 /* PitchPerfectUITests.xctest */ = {isa = PBXFileReference; explicitFileType = wrapper.cfbundle; includeInIndex = 0; path = PitchPerfectUITests.xctest; sourceTree = BUILT_PRODUCTS_DIR; };
		32C246A81DDF4C5A003CFA06 /* PitchPerfectUITests.swift */ = {isa = PBXFileReference; lastKnownFileType = sourcecode.swift; path = PitchPerfectUITests.swift; sourceTree = "<group>"; };
		32C246AA1DDF4C5A003CFA06 /* Info.plist */ = {isa = PBXFileReference; lastKnownFileType = text.plist.xml; path = Info.plist; sourceTree = "<group>"; };
/* End PBXFileReference section */

/* Begin PBXFrameworksBuildPhase section */
		32C246821DDF4C5A003CFA06 /* Frameworks */ = {
			isa = PBXFrameworksBuildPhase;
			buildActionMask = 2147483647;
			files = (
			);
			runOnlyForDeploymentPostprocessing = 0;
		};
		32C246961DDF4C5A003CFA06 /* Frameworks */ = {
			isa = PBXFrameworksBuildPhase;
			buildActionMask = 2147483647;
			files = (
			);
			runOnlyForDeploymentPostprocessing = 0;
		};
		32C246A11DDF4C5A003CFA06 /* Frameworks */ = {
			isa = PBXFrameworksBuildPhase;
			buildActionMask = 2147483647;
			files = (
			);
			runOnlyForDeploymentPostprocessing = 0;
		};
/* End PBXFrameworksBuildPhase section */

/* Begin PBXGroup section */
		32C2467C1DDF4C5A003CFA06 = {
			isa = PBXGroup;
			children = (
				32C246871DDF4C5A003CFA06 /* PitchPerfect */,
				32C2469C1DDF4C5A003CFA06 /* PitchPerfectTests */,
				32C246A71DDF4C5A003CFA06 /* PitchPerfectUITests */,
				32C246861DDF4C5A003CFA06 /* Products */,
			);
			sourceTree = "<group>";
		};
		32C246861DDF4C5A003CFA06 /* Products */ = {
			isa = PBXGroup;
			children = (
				32C246851DDF4C5A003CFA06 /* PitchPerfect.app */,
				32C246991DDF4C5A003CFA06 /* PitchPerfectTests.xctest */,
				32C246A41DDF4C5A003CFA06 /* PitchPerfectUITests.xctest */,
			);
			name = Products;
			sourceTree = "<group>";
		};
		32C246871DDF4C5A003CFA06 /* PitchPerfect */ = {
			isa = PBXGroup;
			children = (
				32B7DFF51DE2D0B700E63A4C /* playsoundsviewcontroller-audio.swift */,
				32C246881DDF4C5A003CFA06 /* AppDelegate.swift */,
				32C2468A1DDF4C5A003CFA06 /* RecordSoundViewController.swift */,
				32C2468C1DDF4C5A003CFA06 /* Main.storyboard */,
				32C2468F1DDF4C5A003CFA06 /* Assets.xcassets */,
				32C246911DDF4C5A003CFA06 /* LaunchScreen.storyboard */,
				32C246941DDF4C5A003CFA06 /* Info.plist */,
				32B7DFF31DE29C1300E63A4C /* PlaySoundViewController.swift */,
			);
			path = PitchPerfect;
			sourceTree = "<group>";
		};
		32C2469C1DDF4C5A003CFA06 /* PitchPerfectTests */ = {
			isa = PBXGroup;
			children = (
				32C2469D1DDF4C5A003CFA06 /* PitchPerfectTests.swift */,
				32C2469F1DDF4C5A003CFA06 /* Info.plist */,
			);
			path = PitchPerfectTests;
			sourceTree = "<group>";
		};
		32C246A71DDF4C5A003CFA06 /* PitchPerfectUITests */ = {
			isa = PBXGroup;
			children = (
				32C246A81DDF4C5A003CFA06 /* PitchPerfectUITests.swift */,
				32C246AA1DDF4C5A003CFA06 /* Info.plist */,
			);
			path = PitchPerfectUITests;
			sourceTree = "<group>";
		};
/* End PBXGroup section */

/* Begin PBXNativeTarget section */
		32C246841DDF4C5A003CFA06 /* PitchPerfect */ = {
			isa = PBXNativeTarget;
			buildConfigurationList = 32C246AD1DDF4C5A003CFA06 /* Build configuration list for PBXNativeTarget "PitchPerfect" */;
			buildPhases = (
				32C246811DDF4C5A003CFA06 /* Sources */,
				32C246821DDF4C5A003CFA06 /* Frameworks */,
				32C246831DDF4C5A003CFA06 /* Resources */,
			);
			buildRules = (
			);
			dependencies = (
			);
			name = PitchPerfect;
			productName = PitchPerfect;
			productReference = 32C246851DDF4C5A003CFA06 /* PitchPerfect.app */;
			productType = "com.apple.product-type.application";
		};
		32C246981DDF4C5A003CFA06 /* PitchPerfectTests */ = {
			isa = PBXNativeTarget;
			buildConfigurationList = 32C246B01DDF4C5A003CFA06 /* Build configuration list for PBXNativeTarget "PitchPerfectTests" */;
			buildPhases = (
				32C246951DDF4C5A003CFA06 /* Sources */,
				32C246961DDF4C5A003CFA06 /* Frameworks */,
				32C246971DDF4C5A003CFA06 /* Resources */,
			);
			buildRules = (
			);
			dependencies = (
				32C2469B1DDF4C5A003CFA06 /* PBXTargetDependency */,
			);
			name = PitchPerfectTests;
			productName = PitchPerfectTests;
			productReference = 32C246991DDF4C5A003CFA06 /* PitchPerfectTests.xctest */;
			productType = "com.apple.product-type.bundle.unit-test";
		};
		32C246A31DDF4C5A003CFA06 /* PitchPerfectUITests */ = {
			isa = PBXNativeTarget;
			buildConfigurationList = 32C246B31DDF4C5A003CFA06 /* Build configuration list for PBXNativeTarget "PitchPerfectUITests" */;
			buildPhases = (
				32C246A01DDF4C5A003CFA06 /* Sources */,
				32C246A11DDF4C5A003CFA06 /* Frameworks */,
				32C246A21DDF4C5A003CFA06 /* Resources */,
			);
			buildRules = (
			);
			dependencies = (
				32C246A61DDF4C5A003CFA06 /* PBXTargetDependency */,
			);
			name = PitchPerfectUITests;
			productName = PitchPerfectUITests;
			productReference = 32C246A41DDF4C5A003CFA06 /* PitchPerfectUITests.xctest */;
			productType = "com.apple.product-type.bundle.ui-testing";
		};
/* End PBXNativeTarget section */

/* Begin PBXProject section */
		32C2467D1DDF4C5A003CFA06 /* Project object */ = {
			isa = PBXProject;
			attributes = {
				LastSwiftUpdateCheck = 0810;
				LastUpgradeCheck = 0810;
				ORGANIZATIONNAME = "ximply studio";
				TargetAttributes = {
					32C246841DDF4C5A003CFA06 = {
						CreatedOnToolsVersion = 8.1;
						ProvisioningStyle = Automatic;
					};
					32C246981DDF4C5A003CFA06 = {
						CreatedOnToolsVersion = 8.1;
						ProvisioningStyle = Automatic;
						TestTargetID = 32C246841DDF4C5A003CFA06;
					};
					32C246A31DDF4C5A003CFA06 = {
						CreatedOnToolsVersion = 8.1;
						ProvisioningStyle = Automatic;
						TestTargetID = 32C246841DDF4C5A003CFA06;
					};
				};
			};
			buildConfigurationList = 32C246801DDF4C5A003CFA06 /* Build configuration list for PBXProject "PitchPerfect" */;
			compatibilityVersion = "Xcode 3.2";
			developmentRegion = English;
			hasScannedForEncodings = 0;
			knownRegions = (
				en,
				Base,
			);
			mainGroup = 32C2467C1DDF4C5A003CFA06;
			productRefGroup = 32C246861DDF4C5A003CFA06 /* Products */;
			projectDirPath = "";
			projectRoot = "";
			targets = (
				32C246841DDF4C5A003CFA06 /* PitchPerfect */,
				32C246981DDF4C5A003CFA06 /* PitchPerfectTests */,
				32C246A31DDF4C5A003CFA06 /* PitchPerfectUITests */,
			);
		};
/* End PBXProject section */

/* Begin PBXResourcesBuildPhase section */
		32C246831DDF4C5A003CFA06 /* Resources */ = {
			isa = PBXResourcesBuildPhase;
			buildActionMask = 2147483647;
			files = (
				32C246931DDF4C5A003CFA06 /* LaunchScreen.storyboard in Resources */,
				32C246901DDF4C5A003CFA06 /* Assets.xcassets in Resources */,
				32C2468E1DDF4C5A003CFA06 /* Main.storyboard in Resources */,
			);
			runOnlyForDeploymentPostprocessing = 0;
		};
		32C246971DDF4C5A003CFA06 /* Resources */ = {
			isa = PBXResourcesBuildPhase;
			buildActionMask = 2147483647;
			files = (
			);
			runOnlyForDeploymentPostprocessing = 0;
		};
		32C246A21DDF4C5A003CFA06 /* Resources */ = {
			isa = PBXResourcesBuildPhase;
			buildActionMask = 2147483647;
			files = (
			);
			runOnlyForDeploymentPostprocessing = 0;
		};
/* End PBXResourcesBuildPhase section */

/* Begin PBXSourcesBuildPhase section */
		32C246811DDF4C5A003CFA06 /* Sources */ = {
			isa = PBXSourcesBuildPhase;
			buildActionMask = 2147483647;
			files = (
				32C2468B1DDF4C5A003CFA06 /* RecordSoundViewController.swift in Sources */,
				32B7DFF41DE29C1300E63A4C /* PlaySoundViewController.swift in Sources */,
				32C246891DDF4C5A003CFA06 /* AppDelegate.swift in Sources */,
				32B7DFF61DE2D0B700E63A4C /* playsoundsviewcontroller-audio.swift in Sources */,
			);
			runOnlyForDeploymentPostprocessing = 0;
		};
		32C246951DDF4C5A003CFA06 /* Sources */ = {
			isa = PBXSourcesBuildPhase;
			buildActionMask = 2147483647;
			files = (
				32C2469E1DDF4C5A003CFA06 /* PitchPerfectTests.swift in Sources */,
			);
			runOnlyForDeploymentPostprocessing = 0;
		};
		32C246A01DDF4C5A003CFA06 /* Sources */ = {
			isa = PBXSourcesBuildPhase;
			buildActionMask = 2147483647;
			files = (
				32C246A91DDF4C5A003CFA06 /* PitchPerfectUITests.swift in Sources */,
			);
			runOnlyForDeploymentPostprocessing = 0;
		};
/* End PBXSourcesBuildPhase section */

/* Begin PBXTargetDependency section */
		32C2469B1DDF4C5A003CFA06 /* PBXTargetDependency */ = {
			isa = PBXTargetDependency;
			target = 32C246841DDF4C5A003CFA06 /* PitchPerfect */;
			targetProxy = 32C2469A1DDF4C5A003CFA06 /* PBXContainerItemProxy */;
		};
		32C246A61DDF4C5A003CFA06 /* PBXTargetDependency */ = {
			isa = PBXTargetDependency;
			target = 32C246841DDF4C5A003CFA06 /* PitchPerfect */;
			targetProxy = 32C246A51DDF4C5A003CFA06 /* PBXContainerItemProxy */;
		};
/* End PBXTargetDependency section */

/* Begin PBXVariantGroup section */
		32C2468C1DDF4C5A003CFA06 /* Main.storyboard */ = {
			isa = PBXVariantGroup;
			children = (
				32C2468D1DDF4C5A003CFA06 /* Base */,
			);
			name = Main.storyboard;
			sourceTree = "<group>";
		};
		32C246911DDF4C5A003CFA06 /* LaunchScreen.storyboard */ = {
			isa = PBXVariantGroup;
			children = (
				32C246921DDF4C5A003CFA06 /* Base */,
			);
			name = LaunchScreen.storyboard;
			sourceTree = "<group>";
		};
/* End PBXVariantGroup section */

/* Begin XCBuildConfiguration section */
		32C246AB1DDF4C5A003CFA06 /* Debug */ = {
			isa = XCBuildConfiguration;
			buildSettings = {
				ALWAYS_SEARCH_USER_PATHS = NO;
				CLANG_ANALYZER_NONNULL = YES;
				CLANG_CXX_LANGUAGE_STANDARD = "gnu++0x";
				CLANG_CXX_LIBRARY = "libc++";
				CLANG_ENABLE_MODULES = YES;
				CLANG_ENABLE_OBJC_ARC = YES;
				CLANG_WARN_BOOL_CONVERSION = YES;
				CLANG_WARN_CONSTANT_CONVERSION = YES;
				CLANG_WARN_DIRECT_OBJC_ISA_USAGE = YES_ERROR;
				CLANG_WARN_DOCUMENTATION_COMMENTS = YES;
				CLANG_WARN_EMPTY_BODY = YES;
				CLANG_WARN_ENUM_CONVERSION = YES;
				CLANG_WARN_INFINITE_RECURSION = YES;
				CLANG_WARN_INT_CONVERSION = YES;
				CLANG_WARN_OBJC_ROOT_CLASS = YES_ERROR;
				CLANG_WARN_SUSPICIOUS_MOVES = YES;
				CLANG_WARN_UNREACHABLE_CODE = YES;
				CLANG_WARN__DUPLICATE_METHOD_MATCH = YES;
				"CODE_SIGN_IDENTITY[sdk=iphoneos*]" = "iPhone Developer";
				COPY_PHASE_STRIP = NO;
				DEBUG_INFORMATION_FORMAT = dwarf;
				ENABLE_STRICT_OBJC_MSGSEND = YES;
				ENABLE_TESTABILITY = YES;
				GCC_C_LANGUAGE_STANDARD = gnu99;
				GCC_DYNAMIC_NO_PIC = NO;
				GCC_NO_COMMON_BLOCKS = YES;
				GCC_OPTIMIZATION_LEVEL = 0;
				GCC_PREPROCESSOR_DEFINITIONS = (
					"DEBUG=1",
					"$(inherited)",
				);
				GCC_WARN_64_TO_32_BIT_CONVERSION = YES;
				GCC_WARN_ABOUT_RETURN_TYPE = YES_ERROR;
				GCC_WARN_UNDECLARED_SELECTOR = YES;
				GCC_WARN_UNINITIALIZED_AUTOS = YES_AGGRESSIVE;
				GCC_WARN_UNUSED_FUNCTION = YES;
				GCC_WARN_UNUSED_VARIABLE = YES;
				IPHONEOS_DEPLOYMENT_TARGET = 10.1;
				MTL_ENABLE_DEBUG_INFO = YES;
				ONLY_ACTIVE_ARCH = YES;
				SDKROOT = iphoneos;
				SWIFT_ACTIVE_COMPILATION_CONDITIONS = DEBUG;
				SWIFT_OPTIMIZATION_LEVEL = "-Onone";
				TARGETED_DEVICE_FAMILY = "1,2";
			};
			name = Debug;
		};
		32C246AC1DDF4C5A003CFA06 /* Release */ = {
			isa = XCBuildConfiguration;
			buildSettings = {
				ALWAYS_SEARCH_USER_PATHS = NO;
				CLANG_ANALYZER_NONNULL = YES;
				CLANG_CXX_LANGUAGE_STANDARD = "gnu++0x";
				CLANG_CXX_LIBRARY = "libc++";
				CLANG_ENABLE_MODULES = YES;
				CLANG_ENABLE_OBJC_ARC = YES;
				CLANG_WARN_BOOL_CONVERSION = YES;
				CLANG_WARN_CONSTANT_CONVERSION = YES;
				CLANG_WARN_DIRECT_OBJC_ISA_USAGE = YES_ERROR;
				CLANG_WARN_DOCUMENTATION_COMMENTS = YES;
				CLANG_WARN_EMPTY_BODY = YES;
				CLANG_WARN_ENUM_CONVERSION = YES;
				CLANG_WARN_INFINITE_RECURSION = YES;
				CLANG_WARN_INT_CONVERSION = YES;
				CLANG_WARN_OBJC_ROOT_CLASS = YES_ERROR;
				CLANG_WARN_SUSPICIOUS_MOVES = YES;
				CLANG_WARN_UNREACHABLE_CODE = YES;
				CLANG_WARN__DUPLICATE_METHOD_MATCH = YES;
				"CODE_SIGN_IDENTITY[sdk=iphoneos*]" = "iPhone Developer";
				COPY_PHASE_STRIP = NO;
				DEBUG_INFORMATION_FORMAT = "dwarf-with-dsym";
				ENABLE_NS_ASSERTIONS = NO;
				ENABLE_STRICT_OBJC_MSGSEND = YES;
				GCC_C_LANGUAGE_STANDARD = gnu99;
				GCC_NO_COMMON_BLOCKS = YES;
				GCC_WARN_64_TO_32_BIT_CONVERSION = YES;
				GCC_WARN_ABOUT_RETURN_TYPE = YES_ERROR;
				GCC_WARN_UNDECLARED_SELECTOR = YES;
				GCC_WARN_UNINITIALIZED_AUTOS = YES_AGGRESSIVE;
				GCC_WARN_UNUSED_FUNCTION = YES;
				GCC_WARN_UNUSED_VARIABLE = YES;
				IPHONEOS_DEPLOYMENT_TARGET = 10.1;
				MTL_ENABLE_DEBUG_INFO = NO;
				SDKROOT = iphoneos;
				SWIFT_OPTIMIZATION_LEVEL = "-Owholemodule";
				TARGETED_DEVICE_FAMILY = "1,2";
				VALIDATE_PRODUCT = YES;
			};
			name = Release;
		};
		32C246AE1DDF4C5A003CFA06 /* Debug */ = {
			isa = XCBuildConfiguration;
			buildSettings = {
				ASSETCATALOG_COMPILER_APPICON_NAME = AppIcon;
				INFOPLIST_FILE = PitchPerfect/Info.plist;
				LD_RUNPATH_SEARCH_PATHS = "$(inherited) @executable_path/Frameworks";
				PRODUCT_BUNDLE_IDENTIFIER = ximplystudio.com.PitchPerfect;
				PRODUCT_NAME = "$(TARGET_NAME)";
				SWIFT_VERSION = 3.0;
			};
			name = Debug;
		};
		32C246AF1DDF4C5A003CFA06 /* Release */ = {
			isa = XCBuildConfiguration;
			buildSettings = {
				ASSETCATALOG_COMPILER_APPICON_NAME = AppIcon;
				INFOPLIST_FILE = PitchPerfect/Info.plist;
				LD_RUNPATH_SEARCH_PATHS = "$(inherited) @executable_path/Frameworks";
				PRODUCT_BUNDLE_IDENTIFIER = ximplystudio.com.PitchPerfect;
				PRODUCT_NAME = "$(TARGET_NAME)";
				SWIFT_VERSION = 3.0;
			};
			name = Release;
		};
		32C246B11DDF4C5A003CFA06 /* Debug */ = {
			isa = XCBuildConfiguration;
			buildSettings = {
				ALWAYS_EMBED_SWIFT_STANDARD_LIBRARIES = YES;
				BUNDLE_LOADER = "$(TEST_HOST)";
				INFOPLIST_FILE = PitchPerfectTests/Info.plist;
				LD_RUNPATH_SEARCH_PATHS = "$(inherited) @executable_path/Frameworks @loader_path/Frameworks";
				PRODUCT_BUNDLE_IDENTIFIER = ximplystudio.com.PitchPerfectTests;
				PRODUCT_NAME = "$(TARGET_NAME)";
				SWIFT_VERSION = 3.0;
				TEST_HOST = "$(BUILT_PRODUCTS_DIR)/PitchPerfect.app/PitchPerfect";
			};
			name = Debug;
		};
		32C246B21DDF4C5A003CFA06 /* Release */ = {
			isa = XCBuildConfiguration;
			buildSettings = {
				ALWAYS_EMBED_SWIFT_STANDARD_LIBRARIES = YES;
				BUNDLE_LOADER = "$(TEST_HOST)";
				INFOPLIST_FILE = PitchPerfectTests/Info.plist;
				LD_RUNPATH_SEARCH_PATHS = "$(inherited) @executable_path/Frameworks @loader_path/Frameworks";
				PRODUCT_BUNDLE_IDENTIFIER = ximplystudio.com.PitchPerfectTests;
				PRODUCT_NAME = "$(TARGET_NAME)";
				SWIFT_VERSION = 3.0;
				TEST_HOST = "$(BUILT_PRODUCTS_DIR)/PitchPerfect.app/PitchPerfect";
			};
			name = Release;
		};
		32C246B41DDF4C5A003CFA06 /* Debug */ = {
			isa = XCBuildConfiguration;
			buildSettings = {
				ALWAYS_EMBED_SWIFT_STANDARD_LIBRARIES = YES;
				INFOPLIST_FILE = PitchPerfectUITests/Info.plist;
				LD_RUNPATH_SEARCH_PATHS = "$(inherited) @executable_path/Frameworks @loader_path/Frameworks";
				PRODUCT_BUNDLE_IDENTIFIER = ximplystudio.com.PitchPerfectUITests;
				PRODUCT_NAME = "$(TARGET_NAME)";
				SWIFT_VERSION = 3.0;
				TEST_TARGET_NAME = PitchPerfect;
			};
			name = Debug;
		};
		32C246B51DDF4C5A003CFA06 /* Release */ = {
			isa = XCBuildConfiguration;
			buildSettings = {
				ALWAYS_EMBED_SWIFT_STANDARD_LIBRARIES = YES;
				INFOPLIST_FILE = PitchPerfectUITests/Info.plist;
				LD_RUNPATH_SEARCH_PATHS = "$(inherited) @executable_path/Frameworks @loader_path/Frameworks";
				PRODUCT_BUNDLE_IDENTIFIER = ximplystudio.com.PitchPerfectUITests;
				PRODUCT_NAME = "$(TARGET_NAME)";
				SWIFT_VERSION = 3.0;
				TEST_TARGET_NAME = PitchPerfect;
			};
			name = Release;
		};
/* End XCBuildConfiguration section */

/* Begin XCConfigurationList section */
		32C246801DDF4C5A003CFA06 /* Build configuration list for PBXProject "PitchPerfect" */ = {
			isa = XCConfigurationList;
			buildConfigurations = (
				32C246AB1DDF4C5A003CFA06 /* Debug */,
				32C246AC1DDF4C5A003CFA06 /* Release */,
			);
			defaultConfigurationIsVisible = 0;
			defaultConfigurationName = Release;
		};
		32C246AD1DDF4C5A003CFA06 /* Build configuration list for PBXNativeTarget "PitchPerfect" */ = {
			isa = XCConfigurationList;
			buildConfigurations = (
				32C246AE1DDF4C5A003CFA06 /* Debug */,
				32C246AF1DDF4C5A003CFA06 /* Release */,
			);
			defaultConfigurationIsVisible = 0;
			defaultConfigurationName = Release;
		};
		32C246B01DDF4C5A003CFA06 /* Build configuration list for PBXNativeTarget "PitchPerfectTests" */ = {
			isa = XCConfigurationList;
			buildConfigurations = (
				32C246B11DDF4C5A003CFA06 /* Debug */,
				32C246B21DDF4C5A003CFA06 /* Release */,
			);
			defaultConfigurationIsVisible = 0;
			defaultConfigurationName = Release;
		};
		32C246B31DDF4C5A003CFA06 /* Build configuration list for PBXNativeTarget "PitchPerfectUITests" */ = {
			isa = XCConfigurationList;
			buildConfigurations = (
				32C246B41DDF4C5A003CFA06 /* Debug */,
				32C246B51DDF4C5A003CFA06 /* Release */,
			);
			defaultConfigurationIsVisible = 0;
			defaultConfigurationName = Release;
		};
/* End XCConfigurationList section */
	};
	rootObject = 32C2467D1DDF4C5A003CFA06 /* Project object */;
}
